{
  "name": "000_nolan_young_theme_premium_landscape_design_company",
  "version": "1.0.0",
  "lockfileVersion": 3,
  "requires": true,
  "packages": {
    "": {
      "name": "000_nolan_young_theme_premium_landscape_design_company",
      "version": "1.0.0",
      "devDependencies": {}
    }
  }
}
